// !$*UTF8*$!
{
	archiveVersion = 1;
	classes = {
	};
	objectVersion = 46;
	objects = {

/* Begin PBXBuildFile section */
		66995AA21D5C019600627AA1 /* AppDelegate.swift in Sources */ = {isa = PBXBuildFile; fileRef = 66995AA11D5C019600627AA1 /* AppDelegate.swift */; };
		66995AA71D5C019600627AA1 /* Main.storyboard in Resources */ = {isa = PBXBuildFile; fileRef = 66995AA51D5C019600627AA1 /* Main.storyboard */; };
		66995AA91D5C019600627AA1 /* Assets.xcassets in Resources */ = {isa = PBXBuildFile; fileRef = 66995AA81D5C019600627AA1 /* Assets.xcassets */; };
		66995AAC1D5C019600627AA1 /* LaunchScreen.storyboard in Resources */ = {isa = PBXBuildFile; fileRef = 66995AAA1D5C019600627AA1 /* LaunchScreen.storyboard */; };
		66995AB61D5C01B900627AA1 /* PhotosViewController.swift in Sources */ = {isa = PBXBuildFile; fileRef = 66995AB51D5C01B900627AA1 /* PhotosViewController.swift */; };
		66995AB81D5C063F00627AA1 /* FlickrAPI.swift in Sources */ = {isa = PBXBuildFile; fileRef = 66995AB71D5C063F00627AA1 /* FlickrAPI.swift */; };
		66995ABA1D5C127800627AA1 /* PhotoStore.swift in Sources */ = {isa = PBXBuildFile; fileRef = 66995AB91D5C127800627AA1 /* PhotoStore.swift */; };
		66995ABC1D5C1BBB00627AA1 /* Photo.swift in Sources */ = {isa = PBXBuildFile; fileRef = 66995ABB1D5C1BBB00627AA1 /* Photo.swift */; };
		66995ABE1D5C375A00627AA1 /* PhotoDataSource.swift in Sources */ = {isa = PBXBuildFile; fileRef = 66995ABD1D5C375A00627AA1 /* PhotoDataSource.swift */; };
		66995AC01D5C41A800627AA1 /* PhotoCollectionViewCell.swift in Sources */ = {isa = PBXBuildFile; fileRef = 66995ABF1D5C41A800627AA1 /* PhotoCollectionViewCell.swift */; };
		66995AC21D5C4DA400627AA1 /* PhotoInfoViewController.swift in Sources */ = {isa = PBXBuildFile; fileRef = 66995AC11D5C4DA400627AA1 /* PhotoInfoViewController.swift */; };
/* End PBXBuildFile section */

/* Begin PBXFileReference section */
		66995A9E1D5C019600627AA1 /* FlickPhoto.app */ = {isa = PBXFileReference; explicitFileType = wrapper.application; includeInIndex = 0; path = FlickPhoto.app; sourceTree = BUILT_PRODUCTS_DIR; };
		66995AA11D5C019600627AA1 /* AppDelegate.swift */ = {isa = PBXFileReference; lastKnownFileType = sourcecode.swift; path = AppDelegate.swift; sourceTree = "<group>"; };
		66995AA61D5C019600627AA1 /* Base */ = {isa = PBXFileReference; lastKnownFileType = file.storyboard; name = Base; path = Base.lproj/Main.storyboard; sourceTree = "<group>"; };
		66995AA81D5C019600627AA1 /* Assets.xcassets */ = {isa = PBXFileReference; lastKnownFileType = folder.assetcatalog; path = Assets.xcassets; sourceTree = "<group>"; };
		66995AAB1D5C019600627AA1 /* Base */ = {isa = PBXFileReference; lastKnownFileType = file.storyboard; name = Base; path = Base.lproj/LaunchScreen.storyboard; sourceTree = "<group>"; };
		66995AAD1D5C019600627AA1 /* Info.plist */ = {isa = PBXFileReference; lastKnownFileType = text.plist.xml; path = Info.plist; sourceTree = "<group>"; };
		66995AB51D5C01B900627AA1 /* PhotosViewController.swift */ = {isa = PBXFileReference; fileEncoding = 4; lastKnownFileType = sourcecode.swift; name = PhotosViewController.swift; path = ../PhotosViewController.swift; sourceTree = "<group>"; };
		66995AB71D5C063F00627AA1 /* FlickrAPI.swift */ = {isa = PBXFileReference; fileEncoding = 4; lastKnownFileType = sourcecode.swift; path = FlickrAPI.swift; sourceTree = "<group>"; };
		66995AB91D5C127800627AA1 /* PhotoStore.swift */ = {isa = PBXFileReference; fileEncoding = 4; lastKnownFileType = sourcecode.swift; path = PhotoStore.swift; sourceTree = "<group>"; };
		66995ABB1D5C1BBB00627AA1 /* Photo.swift */ = {isa = PBXFileReference; fileEncoding = 4; lastKnownFileType = sourcecode.swift; path = Photo.swift; sourceTree = "<group>"; };
		66995ABD1D5C375A00627AA1 /* PhotoDataSource.swift */ = {isa = PBXFileReference; fileEncoding = 4; lastKnownFileType = sourcecode.swift; path = PhotoDataSource.swift; sourceTree = "<group>"; };
		66995ABF1D5C41A800627AA1 /* PhotoCollectionViewCell.swift */ = {isa = PBXFileReference; fileEncoding = 4; lastKnownFileType = sourcecode.swift; path = PhotoCollectionViewCell.swift; sourceTree = "<group>"; };
		66995AC11D5C4DA400627AA1 /* PhotoInfoViewController.swift */ = {isa = PBXFileReference; fileEncoding = 4; lastKnownFileType = sourcecode.swift; path = PhotoInfoViewController.swift; sourceTree = "<group>"; };
/* End PBXFileReference section */

/* Begin PBXFrameworksBuildPhase section */
		66995A9B1D5C019600627AA1 /* Frameworks */ = {
			isa = PBXFrameworksBuildPhase;
			buildActionMask = 2147483647;
			files = (
			);
			runOnlyForDeploymentPostprocessing = 0;
		};
/* End PBXFrameworksBuildPhase section */

/* Begin PBXGroup section */
		66995A951D5C019600627AA1 = {
			isa = PBXGroup;
			children = (
				66995AA01D5C019600627AA1 /* FlickPhoto */,
				66995A9F1D5C019600627AA1 /* Products */,
			);
			sourceTree = "<group>";
		};
		66995A9F1D5C019600627AA1 /* Products */ = {
			isa = PBXGroup;
			children = (
				66995A9E1D5C019600627AA1 /* FlickPhoto.app */,
			);
			name = Products;
			sourceTree = "<group>";
		};
		66995AA01D5C019600627AA1 /* FlickPhoto */ = {
			isa = PBXGroup;
			children = (
				66995AA11D5C019600627AA1 /* AppDelegate.swift */,
				66995AB51D5C01B900627AA1 /* PhotosViewController.swift */,
				66995AB71D5C063F00627AA1 /* FlickrAPI.swift */,
				66995ABB1D5C1BBB00627AA1 /* Photo.swift */,
				66995AB91D5C127800627AA1 /* PhotoStore.swift */,
				66995AC11D5C4DA400627AA1 /* PhotoInfoViewController.swift */,
				66995AA51D5C019600627AA1 /* Main.storyboard */,
				66995ABF1D5C41A800627AA1 /* PhotoCollectionViewCell.swift */,
				66995ABD1D5C375A00627AA1 /* PhotoDataSource.swift */,
				66995AA81D5C019600627AA1 /* Assets.xcassets */,
				66995AAA1D5C019600627AA1 /* LaunchScreen.storyboard */,
				66995AAD1D5C019600627AA1 /* Info.plist */,
			);
			path = FlickPhoto;
			sourceTree = "<group>";
		};
/* End PBXGroup section */

/* Begin PBXNativeTarget section */
		66995A9D1D5C019600627AA1 /* FlickPhoto */ = {
			isa = PBXNativeTarget;
			buildConfigurationList = 66995AB01D5C019600627AA1 /* Build configuration list for PBXNativeTarget "FlickPhoto" */;
			buildPhases = (
				66995A9A1D5C019600627AA1 /* Sources */,
				66995A9B1D5C019600627AA1 /* Frameworks */,
				66995A9C1D5C019600627AA1 /* Resources */,
			);
			buildRules = (
			);
			dependencies = (
			);
			name = FlickPhoto;
			productName = FlickPhoto;
			productReference = 66995A9E1D5C019600627AA1 /* FlickPhoto.app */;
			productType = "com.apple.product-type.application";
		};
/* End PBXNativeTarget section */

/* Begin PBXProject section */
		66995A961D5C019600627AA1 /* Project object */ = {
			isa = PBXProject;
			attributes = {
				LastSwiftUpdateCheck = 0800;
				LastUpgradeCheck = 0800;
				ORGANIZATIONNAME = "Tyler Jasper";
				TargetAttributes = {
					66995A9D1D5C019600627AA1 = {
						CreatedOnToolsVersion = 8.0;
						DevelopmentTeam = 4TPFAYTSTU;
						DevelopmentTeamName = "Tyler Jasper (Personal Team)";
						ProvisioningStyle = Automatic;
					};
				};
			};
			buildConfigurationList = 66995A991D5C019600627AA1 /* Build configuration list for PBXProject "FlickPhoto" */;
			compatibilityVersion = "Xcode 3.2";
			developmentRegion = English;
			hasScannedForEncodings = 0;
			knownRegions = (
				en,
				Base,
			);
			mainGroup = 66995A951D5C019600627AA1;
			productRefGroup = 66995A9F1D5C019600627AA1 /* Products */;
			projectDirPath = "";
			projectRoot = "";
			targets = (
				66995A9D1D5C019600627AA1 /* FlickPhoto */,
			);
		};
/* End PBXProject section */

/* Begin PBXResourcesBuildPhase section */
		66995A9C1D5C019600627AA1 /* Resources */ = {
			isa = PBXResourcesBuildPhase;
			buildActionMask = 2147483647;
			files = (
				66995AAC1D5C019600627AA1 /* LaunchScreen.storyboard in Resources */,
				66995AA91D5C019600627AA1 /* Assets.xcassets in Resources */,
				66995AA71D5C019600627AA1 /* Main.storyboard in Resources */,
			);
			runOnlyForDeploymentPostprocessing = 0;
		};
/* End PBXResourcesBuildPhase section */

/* Begin PBXSourcesBuildPhase section */
		66995A9A1D5C019600627AA1 /* Sources */ = {
			isa = PBXSourcesBuildPhase;
			buildActionMask = 2147483647;
			files = (
				66995AB81D5C063F00627AA1 /* FlickrAPI.swift in Sources */,
				66995AB61D5C01B900627AA1 /* PhotosViewController.swift in Sources */,
				66995ABA1D5C127800627AA1 /* PhotoStore.swift in Sources */,
				66995ABE1D5C375A00627AA1 /* PhotoDataSource.swift in Sources */,
				66995AC01D5C41A800627AA1 /* PhotoCollectionViewCell.swift in Sources */,
				66995AC21D5C4DA400627AA1 /* PhotoInfoViewController.swift in Sources */,
				66995AA21D5C019600627AA1 /* AppDelegate.swift in Sources */,
				66995ABC1D5C1BBB00627AA1 /* Photo.swift in Sources */,
			);
			runOnlyForDeploymentPostprocessing = 0;
		};
/* End PBXSourcesBuildPhase section */

/* Begin PBXVariantGroup section */
		66995AA51D5C019600627AA1 /* Main.storyboard */ = {
			isa = PBXVariantGroup;
			children = (
				66995AA61D5C019600627AA1 /* Base */,
			);
			name = Main.storyboard;
			sourceTree = "<group>";
		};
		66995AAA1D5C019600627AA1 /* LaunchScreen.storyboard */ = {
			isa = PBXVariantGroup;
			children = (
				66995AAB1D5C019600627AA1 /* Base */,
			);
			name = LaunchScreen.storyboard;
			sourceTree = "<group>";
		};
/* End PBXVariantGroup section */

/* Begin XCBuildConfiguration section */
		66995AAE1D5C019600627AA1 /* Debug */ = {
			isa = XCBuildConfiguration;
			buildSettings = {
				ALWAYS_SEARCH_USER_PATHS = NO;
				CLANG_ANALYZER_NONNULL = YES;
				CLANG_CXX_LANGUAGE_STANDARD = "gnu++0x";
				CLANG_CXX_LIBRARY = "libc++";
				CLANG_ENABLE_MODULES = YES;
				CLANG_ENABLE_OBJC_ARC = YES;
				CLANG_WARN_BOOL_CONVERSION = YES;
				CLANG_WARN_CONSTANT_CONVERSION = YES;
				CLANG_WARN_DIRECT_OBJC_ISA_USAGE = YES_ERROR;
				CLANG_WARN_DOCUMENTATION_COMMENTS = YES;
				CLANG_WARN_EMPTY_BODY = YES;
				CLANG_WARN_ENUM_CONVERSION = YES;
				CLANG_WARN_INT_CONVERSION = YES;
				CLANG_WARN_OBJC_ROOT_CLASS = YES_ERROR;
				CLANG_WARN_UNREACHABLE_CODE = YES;
				CLANG_WARN__DUPLICATE_METHOD_MATCH = YES;
				"CODE_SIGN_IDENTITY[sdk=iphoneos*]" = "iPhone Developer";
				COPY_PHASE_STRIP = NO;
				DEBUG_INFORMATION_FORMAT = dwarf;
				ENABLE_STRICT_OBJC_MSGSEND = YES;
				ENABLE_TESTABILITY = YES;
				GCC_C_LANGUAGE_STANDARD = gnu99;
				GCC_DYNAMIC_NO_PIC = NO;
				GCC_NO_COMMON_BLOCKS = YES;
				GCC_OPTIMIZATION_LEVEL = 0;
				GCC_PREPROCESSOR_DEFINITIONS = (
					"DEBUG=1",
					"$(inherited)",
				);
				GCC_WARN_64_TO_32_BIT_CONVERSION = YES;
				GCC_WARN_ABOUT_RETURN_TYPE = YES_ERROR;
				GCC_WARN_UNDECLARED_SELECTOR = YES;
				GCC_WARN_UNINITIALIZED_AUTOS = YES_AGGRESSIVE;
				GCC_WARN_UNUSED_FUNCTION = YES;
				GCC_WARN_UNUSED_VARIABLE = YES;
				IPHONEOS_DEPLOYMENT_TARGET = 10.0;
				MTL_ENABLE_DEBUG_INFO = YES;
				ONLY_ACTIVE_ARCH = YES;
				SDKROOT = iphoneos;
				SWIFT_ACTIVE_COMPILATION_CONDITIONS = DEBUG;
				SWIFT_OPTIMIZATION_LEVEL = "-Onone";
				TARGETED_DEVICE_FAMILY = "1,2";
			};
			name = Debug;
		};
		66995AAF1D5C019600627AA1 /* Release */ = {
			isa = XCBuildConfiguration;
			buildSettings = {
				ALWAYS_SEARCH_USER_PATHS = NO;
				CLANG_ANALYZER_NONNULL = YES;
				CLANG_CXX_LANGUAGE_STANDARD = "gnu++0x";
				CLANG_CXX_LIBRARY = "libc++";
				CLANG_ENABLE_MODULES = YES;
				CLANG_ENABLE_OBJC_ARC = YES;
				CLANG_WARN_BOOL_CONVERSION = YES;
				CLANG_WARN_CONSTANT_CONVERSION = YES;
				CLANG_WARN_DIRECT_OBJC_ISA_USAGE = YES_ERROR;
				CLANG_WARN_DOCUMENTATION_COMMENTS = YES;
				CLANG_WARN_EMPTY_BODY = YES;
				CLANG_WARN_ENUM_CONVERSION = YES;
				CLANG_WARN_INT_CONVERSION = YES;
				CLANG_WARN_OBJC_ROOT_CLASS = YES_ERROR;
				CLANG_WARN_UNREACHABLE_CODE = YES;
				CLANG_WARN__DUPLICATE_METHOD_MATCH = YES;
				"CODE_SIGN_IDENTITY[sdk=iphoneos*]" = "iPhone Developer";
				COPY_PHASE_STRIP = NO;
				DEBUG_INFORMATION_FORMAT = "dwarf-with-dsym";
				ENABLE_NS_ASSERTIONS = NO;
				ENABLE_STRICT_OBJC_MSGSEND = YES;
				GCC_C_LANGUAGE_STANDARD = gnu99;
				GCC_NO_COMMON_BLOCKS = YES;
				GCC_WARN_64_TO_32_BIT_CONVERSION = YES;
				GCC_WARN_ABOUT_RETURN_TYPE = YES_ERROR;
				GCC_WARN_UNDECLARED_SELECTOR = YES;
				GCC_WARN_UNINITIALIZED_AUTOS = YES_AGGRESSIVE;
				GCC_WARN_UNUSED_FUNCTION = YES;
				GCC_WARN_UNUSED_VARIABLE = YES;
				IPHONEOS_DEPLOYMENT_TARGET = 10.0;
				MTL_ENABLE_DEBUG_INFO = NO;
				SDKROOT = iphoneos;
				SWIFT_OPTIMIZATION_LEVEL = "-Owholemodule";
				TARGETED_DEVICE_FAMILY = "1,2";
				VALIDATE_PRODUCT = YES;
			};
			name = Release;
		};
		66995AB11D5C019600627AA1 /* Debug */ = {
			isa = XCBuildConfiguration;
			buildSettings = {
				ASSETCATALOG_COMPILER_APPICON_NAME = AppIcon;
				INFOPLIST_FILE = FlickPhoto/Info.plist;
				LD_RUNPATH_SEARCH_PATHS = "$(inherited) @executable_path/Frameworks";
				PRODUCT_BUNDLE_IDENTIFIER = com.Jasper.FlickPhoto;
				PRODUCT_NAME = "$(TARGET_NAME)";
				SWIFT_VERSION = 3.0;
			};
			name = Debug;
		};
		66995AB21D5C019600627AA1 /* Release */ = {
			isa = XCBuildConfiguration;
			buildSettings = {
				ASSETCATALOG_COMPILER_APPICON_NAME = AppIcon;
				INFOPLIST_FILE = FlickPhoto/Info.plist;
				LD_RUNPATH_SEARCH_PATHS = "$(inherited) @executable_path/Frameworks";
				PRODUCT_BUNDLE_IDENTIFIER = com.Jasper.FlickPhoto;
				PRODUCT_NAME = "$(TARGET_NAME)";
				SWIFT_VERSION = 3.0;
			};
			name = Release;
		};
/* End XCBuildConfiguration section */

/* Begin XCConfigurationList section */
		66995A991D5C019600627AA1 /* Build configuration list for PBXProject "FlickPhoto" */ = {
			isa = XCConfigurationList;
			buildConfigurations = (
				66995AAE1D5C019600627AA1 /* Debug */,
				66995AAF1D5C019600627AA1 /* Release */,
			);
			defaultConfigurationIsVisible = 0;
			defaultConfigurationName = Release;
		};
		66995AB01D5C019600627AA1 /* Build configuration list for PBXNativeTarget "FlickPhoto" */ = {
			isa = XCConfigurationList;
			buildConfigurations = (
				66995AB11D5C019600627AA1 /* Debug */,
				66995AB21D5C019600627AA1 /* Release */,
			);
			defaultConfigurationIsVisible = 0;
			defaultConfigurationName = Release;
		};
/* End XCConfigurationList section */
	};
	rootObject = 66995A961D5C019600627AA1 /* Project object */;
}
